
Microsoft Visual Studio Solution File, Format Version 12.00
# Visual Studio Version 16
VisualStudioVersion = 16.0.32929.386
MinimumVisualStudioVersion = 10.0.40219.1
Project("{FAE04EC0-301F-11D3-BF4B-00C04F79EFBC}") = "Projeto Apoo", "Projeto Apoo\Projeto Apoo.csproj", "{29878FBB-49B3-4047-8D25-8C50A90A2DCB}"
EndProject
Global
	GlobalSection(SolutionConfigurationPlatforms) = preSolution
		Debug|Any CPU = Debug|Any CPU
		Release|Any CPU = Release|Any CPU
	EndGlobalSection
	GlobalSection(ProjectConfigurationPlatforms) = postSolution
		{29878FBB-49B3-4047-8D25-8C50A90A2DCB}.Debug|Any CPU.ActiveCfg = Debug|Any CPU
		{29878FBB-49B3-4047-8D25-8C50A90A2DCB}.Debug|Any CPU.Build.0 = Debug|Any CPU
		{29878FBB-49B3-4047-8D25-8C50A90A2DCB}.Release|Any CPU.ActiveCfg = Release|Any CPU
		{29878FBB-49B3-4047-8D25-8C50A90A2DCB}.Release|Any CPU.Build.0 = Release|Any CPU
	EndGlobalSection
	GlobalSection(SolutionProperties) = preSolution
		HideSolutionNode = FALSE
	EndGlobalSection
	GlobalSection(ExtensibilityGlobals) = postSolution
		SolutionGuid = {940351CB-AAB8-427F-A926-8B9919829E7F}
	EndGlobalSection
EndGlobal
